Microsoft Visual Studio Solution File, Format Version 12.00
# Visual Studio 15
VisualStudioVersion = 15.0.28307.779
MinimumVisualStudioVersion = 10.0.40219.1
Project("{9A19103F-16F7-4668-BE54-9A1E7A4F7556}") = "FasTnT.Host", "src\FasTnT.Host\FasTnT.Host.csproj", "{7DD0A296-CB74-4F31-946E-5FBF951B7E30}"
EndProject
Project("{9A19103F-16F7-4668-BE54-9A1E7A4F7556}") = "FasTnT.Handlers", "FasTnT.Capture\FasTnT.Handlers.csproj", "{E0217229-AB8C-43AA-BBB3-6524DE66B60D}"
EndProject
Project("{2150E333-8FDC-42A3-9474-1A3956D46DE8}") = "Formats", "Formats", "{8FDF43E8-DBA3-4528-8F21-C7DC67CDECCC}"
EndProject
Project("{9A19103F-16F7-4668-BE54-9A1E7A4F7556}") = "FasTnT.Parsers.Xml", "FasTnT.Parsers.Xml\FasTnT.Parsers.Xml.csproj", "{FF410886-0588-49B6-BA0B-CFF97ABFEC88}"
EndProject
Project("{9A19103F-16F7-4668-BE54-9A1E7A4F7556}") = "FasTnT.Domain", "FasTnT.Domain\FasTnT.Domain.csproj", "{570E8F36-0013-414D-A658-67145E61663C}"
EndProject
Global
	GlobalSection(SolutionConfigurationPlatforms) = preSolution
		Debug|Any CPU = Debug|Any CPU
		Release|Any CPU = Release|Any CPU
	EndGlobalSection
	GlobalSection(ProjectConfigurationPlatforms) = postSolution
		{7DD0A296-CB74-4F31-946E-5FBF951B7E30}.Debug|Any CPU.ActiveCfg = Debug|Any CPU
		{7DD0A296-CB74-4F31-946E-5FBF951B7E30}.Debug|Any CPU.Build.0 = Debug|Any CPU
		{7DD0A296-CB74-4F31-946E-5FBF951B7E30}.Release|Any CPU.ActiveCfg = Release|Any CPU
		{7DD0A296-CB74-4F31-946E-5FBF951B7E30}.Release|Any CPU.Build.0 = Release|Any CPU
		{E0217229-AB8C-43AA-BBB3-6524DE66B60D}.Debug|Any CPU.ActiveCfg = Debug|Any CPU
		{E0217229-AB8C-43AA-BBB3-6524DE66B60D}.Debug|Any CPU.Build.0 = Debug|Any CPU
		{E0217229-AB8C-43AA-BBB3-6524DE66B60D}.Release|Any CPU.ActiveCfg = Release|Any CPU
		{E0217229-AB8C-43AA-BBB3-6524DE66B60D}.Release|Any CPU.Build.0 = Release|Any CPU
		{FF410886-0588-49B6-BA0B-CFF97ABFEC88}.Debug|Any CPU.ActiveCfg = Debug|Any CPU
		{FF410886-0588-49B6-BA0B-CFF97ABFEC88}.Debug|Any CPU.Build.0 = Debug|Any CPU
		{FF410886-0588-49B6-BA0B-CFF97ABFEC88}.Release|Any CPU.ActiveCfg = Release|Any CPU
		{FF410886-0588-49B6-BA0B-CFF97ABFEC88}.Release|Any CPU.Build.0 = Release|Any CPU
		{570E8F36-0013-414D-A658-67145E61663C}.Debug|Any CPU.ActiveCfg = Debug|Any CPU
		{570E8F36-0013-414D-A658-67145E61663C}.Debug|Any CPU.Build.0 = Debug|Any CPU
		{570E8F36-0013-414D-A658-67145E61663C}.Release|Any CPU.ActiveCfg = Release|Any CPU
		{570E8F36-0013-414D-A658-67145E61663C}.Release|Any CPU.Build.0 = Release|Any CPU
	EndGlobalSection
	GlobalSection(SolutionProperties) = preSolution
		HideSolutionNode = FALSE
	EndGlobalSection
	GlobalSection(NestedProjects) = preSolution
		{FF410886-0588-49B6-BA0B-CFF97ABFEC88} = {8FDF43E8-DBA3-4528-8F21-C7DC67CDECCC}
	EndGlobalSection
	GlobalSection(ExtensibilityGlobals) = postSolution
		SolutionGuid = {8BF0FBE1-6ADB-48BD-85AD-C2A52AD9E16A}
	EndGlobalSection
EndGlobal
